
Microsoft Visual Studio Solution File, Format Version 12.00
# Visual Studio 14
VisualStudioVersion = 14.0.25420.1
MinimumVisualStudioVersion = 10.0.40219.1
Project("{FAE04EC0-301F-11D3-BF4B-00C04F79EFBC}") = "SAS.DAL", "SAS.DAL\SAS.DAL.csproj", "{DF3123E4-3E86-44F4-BD42-D568F9821941}"
EndProject
Project("{FAE04EC0-301F-11D3-BF4B-00C04F79EFBC}") = "SAS.DALManualTest", "SAS.DAL.ManualTest\SAS.DALManualTest.csproj", "{32898EAC-F079-47FE-BCF2-3E74BCBF9CCD}"
EndProject
Project("{FAE04EC0-301F-11D3-BF4B-00C04F79EFBC}") = "SAS.BLL", "SAS.BLL\SAS.BLL.csproj", "{EA831C26-7131-40D9-8013-A162EE4F8944}"
EndProject
Project("{FAE04EC0-301F-11D3-BF4B-00C04F79EFBC}") = "SAS.WEB", "SAS.WEB\SAS.WEB.csproj", "{2CE9B60D-6F03-4E5C-9DEF-AA980FD74C36}"
EndProject
Project("{FAE04EC0-301F-11D3-BF4B-00C04F79EFBC}") = "SAS.BLLManualTest", "SAS.BLLManualTest\SAS.BLLManualTest.csproj", "{64A95917-FE78-49B9-A8B7-779E423CE97E}"
EndProject
Project("{FAE04EC0-301F-11D3-BF4B-00C04F79EFBC}") = "SAS.BLL.UnitTests", "SAS.BLL.UnitTests\SAS.BLL.UnitTests.csproj", "{ABC7EE37-CB52-433D-AFEE-1FF1D7833F57}"
EndProject
Global
	GlobalSection(SolutionConfigurationPlatforms) = preSolution
		Debug|Any CPU = Debug|Any CPU
		Release|Any CPU = Release|Any CPU
	EndGlobalSection
	GlobalSection(ProjectConfigurationPlatforms) = postSolution
		{DF3123E4-3E86-44F4-BD42-D568F9821941}.Debug|Any CPU.ActiveCfg = Debug|Any CPU
		{DF3123E4-3E86-44F4-BD42-D568F9821941}.Debug|Any CPU.Build.0 = Debug|Any CPU
		{DF3123E4-3E86-44F4-BD42-D568F9821941}.Release|Any CPU.ActiveCfg = Release|Any CPU
		{DF3123E4-3E86-44F4-BD42-D568F9821941}.Release|Any CPU.Build.0 = Release|Any CPU
		{32898EAC-F079-47FE-BCF2-3E74BCBF9CCD}.Debug|Any CPU.ActiveCfg = Debug|Any CPU
		{32898EAC-F079-47FE-BCF2-3E74BCBF9CCD}.Debug|Any CPU.Build.0 = Debug|Any CPU
		{32898EAC-F079-47FE-BCF2-3E74BCBF9CCD}.Release|Any CPU.ActiveCfg = Release|Any CPU
		{32898EAC-F079-47FE-BCF2-3E74BCBF9CCD}.Release|Any CPU.Build.0 = Release|Any CPU
		{EA831C26-7131-40D9-8013-A162EE4F8944}.Debug|Any CPU.ActiveCfg = Debug|Any CPU
		{EA831C26-7131-40D9-8013-A162EE4F8944}.Debug|Any CPU.Build.0 = Debug|Any CPU
		{EA831C26-7131-40D9-8013-A162EE4F8944}.Release|Any CPU.ActiveCfg = Release|Any CPU
		{EA831C26-7131-40D9-8013-A162EE4F8944}.Release|Any CPU.Build.0 = Release|Any CPU
		{2CE9B60D-6F03-4E5C-9DEF-AA980FD74C36}.Debug|Any CPU.ActiveCfg = Debug|Any CPU
		{2CE9B60D-6F03-4E5C-9DEF-AA980FD74C36}.Debug|Any CPU.Build.0 = Debug|Any CPU
		{2CE9B60D-6F03-4E5C-9DEF-AA980FD74C36}.Release|Any CPU.ActiveCfg = Release|Any CPU
		{2CE9B60D-6F03-4E5C-9DEF-AA980FD74C36}.Release|Any CPU.Build.0 = Release|Any CPU
		{64A95917-FE78-49B9-A8B7-779E423CE97E}.Debug|Any CPU.ActiveCfg = Debug|Any CPU
		{64A95917-FE78-49B9-A8B7-779E423CE97E}.Debug|Any CPU.Build.0 = Debug|Any CPU
		{64A95917-FE78-49B9-A8B7-779E423CE97E}.Release|Any CPU.ActiveCfg = Release|Any CPU
		{64A95917-FE78-49B9-A8B7-779E423CE97E}.Release|Any CPU.Build.0 = Release|Any CPU
		{ABC7EE37-CB52-433D-AFEE-1FF1D7833F57}.Debug|Any CPU.ActiveCfg = Debug|Any CPU
		{ABC7EE37-CB52-433D-AFEE-1FF1D7833F57}.Debug|Any CPU.Build.0 = Debug|Any CPU
		{ABC7EE37-CB52-433D-AFEE-1FF1D7833F57}.Release|Any CPU.ActiveCfg = Release|Any CPU
		{ABC7EE37-CB52-433D-AFEE-1FF1D7833F57}.Release|Any CPU.Build.0 = Release|Any CPU
	EndGlobalSection
	GlobalSection(SolutionProperties) = preSolution
		HideSolutionNode = FALSE
	EndGlobalSection
EndGlobal
